
Microsoft Visual Studio Solution File, Format Version 11.00
# Visual Studio 2010
Project("{FAE04EC0-301F-11D3-BF4B-00C04F79EFBC}") = "NFLRanking", "NFLRanking\NFLRanking.csproj", "{729FE890-958E-44C2-8659-F7F40A628584}"
EndProject
Project("{FAE04EC0-301F-11D3-BF4B-00C04F79EFBC}") = "ScoreParser", "ScoreParser\ScoreParser.csproj", "{DB3B4659-B212-4193-98A4-C1ED02D3A3FF}"
EndProject
Project("{FAE04EC0-301F-11D3-BF4B-00C04F79EFBC}") = "ScoreParser.Tests", "ScoreParser.Tests\ScoreParser.Tests.csproj", "{ED05C860-FB95-4B0F-B894-F93FE06D2ABF}"
EndProject
Global
	GlobalSection(SolutionConfigurationPlatforms) = preSolution
		Debug|Any CPU = Debug|Any CPU
		Debug|Mixed Platforms = Debug|Mixed Platforms
		Debug|x86 = Debug|x86
		Release|Any CPU = Release|Any CPU
		Release|Mixed Platforms = Release|Mixed Platforms
		Release|x86 = Release|x86
	EndGlobalSection
	GlobalSection(ProjectConfigurationPlatforms) = postSolution
		{729FE890-958E-44C2-8659-F7F40A628584}.Debug|Any CPU.ActiveCfg = Debug|x86
		{729FE890-958E-44C2-8659-F7F40A628584}.Debug|Mixed Platforms.ActiveCfg = Debug|x86
		{729FE890-958E-44C2-8659-F7F40A628584}.Debug|Mixed Platforms.Build.0 = Debug|x86
		{729FE890-958E-44C2-8659-F7F40A628584}.Debug|x86.ActiveCfg = Debug|x86
		{729FE890-958E-44C2-8659-F7F40A628584}.Debug|x86.Build.0 = Debug|x86
		{729FE890-958E-44C2-8659-F7F40A628584}.Release|Any CPU.ActiveCfg = Release|x86
		{729FE890-958E-44C2-8659-F7F40A628584}.Release|Mixed Platforms.ActiveCfg = Release|x86
		{729FE890-958E-44C2-8659-F7F40A628584}.Release|Mixed Platforms.Build.0 = Release|x86
		{729FE890-958E-44C2-8659-F7F40A628584}.Release|x86.ActiveCfg = Release|x86
		{729FE890-958E-44C2-8659-F7F40A628584}.Release|x86.Build.0 = Release|x86
		{DB3B4659-B212-4193-98A4-C1ED02D3A3FF}.Debug|Any CPU.ActiveCfg = Debug|Any CPU
		{DB3B4659-B212-4193-98A4-C1ED02D3A3FF}.Debug|Any CPU.Build.0 = Debug|Any CPU
		{DB3B4659-B212-4193-98A4-C1ED02D3A3FF}.Debug|Mixed Platforms.ActiveCfg = Debug|Any CPU
		{DB3B4659-B212-4193-98A4-C1ED02D3A3FF}.Debug|Mixed Platforms.Build.0 = Debug|Any CPU
		{DB3B4659-B212-4193-98A4-C1ED02D3A3FF}.Debug|x86.ActiveCfg = Debug|Any CPU
		{DB3B4659-B212-4193-98A4-C1ED02D3A3FF}.Release|Any CPU.ActiveCfg = Release|Any CPU
		{DB3B4659-B212-4193-98A4-C1ED02D3A3FF}.Release|Any CPU.Build.0 = Release|Any CPU
		{DB3B4659-B212-4193-98A4-C1ED02D3A3FF}.Release|Mixed Platforms.ActiveCfg = Release|Any CPU
		{DB3B4659-B212-4193-98A4-C1ED02D3A3FF}.Release|Mixed Platforms.Build.0 = Release|Any CPU
		{DB3B4659-B212-4193-98A4-C1ED02D3A3FF}.Release|x86.ActiveCfg = Release|Any CPU
		{ED05C860-FB95-4B0F-B894-F93FE06D2ABF}.Debug|Any CPU.ActiveCfg = Debug|Any CPU
		{ED05C860-FB95-4B0F-B894-F93FE06D2ABF}.Debug|Any CPU.Build.0 = Debug|Any CPU
		{ED05C860-FB95-4B0F-B894-F93FE06D2ABF}.Debug|Mixed Platforms.ActiveCfg = Debug|Any CPU
		{ED05C860-FB95-4B0F-B894-F93FE06D2ABF}.Debug|Mixed Platforms.Build.0 = Debug|Any CPU
		{ED05C860-FB95-4B0F-B894-F93FE06D2ABF}.Debug|x86.ActiveCfg = Debug|Any CPU
		{ED05C860-FB95-4B0F-B894-F93FE06D2ABF}.Release|Any CPU.ActiveCfg = Release|Any CPU
		{ED05C860-FB95-4B0F-B894-F93FE06D2ABF}.Release|Any CPU.Build.0 = Release|Any CPU
		{ED05C860-FB95-4B0F-B894-F93FE06D2ABF}.Release|Mixed Platforms.ActiveCfg = Release|Any CPU
		{ED05C860-FB95-4B0F-B894-F93FE06D2ABF}.Release|Mixed Platforms.Build.0 = Release|Any CPU
		{ED05C860-FB95-4B0F-B894-F93FE06D2ABF}.Release|x86.ActiveCfg = Release|Any CPU
	EndGlobalSection
	GlobalSection(SolutionProperties) = preSolution
		HideSolutionNode = FALSE
	EndGlobalSection
EndGlobal
